// !$*UTF8*$!
{
	archiveVersion = 1;
	classes = {
	};
	objectVersion = 46;
	objects = {

/* Begin PBXBuildFile section */
		98F93DE6F19A1C849EF45AC9 /* Pods_On_The_Map.framework in Frameworks */ = {isa = PBXBuildFile; fileRef = 86273D31DDF24D822C1E3E91 /* Pods_On_The_Map.framework */; };
		F3299BE31F00185300AEB785 /* TableViewController.swift in Sources */ = {isa = PBXBuildFile; fileRef = F3299BE21F00185300AEB785 /* TableViewController.swift */; };
		F32C533D1EFE7AE300600749 /* GCDBlackBox.swift in Sources */ = {isa = PBXBuildFile; fileRef = F32C533C1EFE7AE300600749 /* GCDBlackBox.swift */; };
		F32C533F1EFE953400600749 /* ConvenienceHandler.swift in Sources */ = {isa = PBXBuildFile; fileRef = F32C533E1EFE953400600749 /* ConvenienceHandler.swift */; };
		F32D14391F02A41400CADA7C /* FacebookLoginExtension.swift in Sources */ = {isa = PBXBuildFile; fileRef = F32D14381F02A41400CADA7C /* FacebookLoginExtension.swift */; };
		F32DA69F1F063A0100B94515 /* MapViewController.swift in Sources */ = {isa = PBXBuildFile; fileRef = F32DA69E1F063A0100B94515 /* MapViewController.swift */; };
		F36F69581F0D0BFD004E8EDE /* ConvenienceHandlerParse.swift in Sources */ = {isa = PBXBuildFile; fileRef = F36F69571F0D0BFD004E8EDE /* ConvenienceHandlerParse.swift */; };
		F36F695A1F0D0CD3004E8EDE /* LoginView.swift in Sources */ = {isa = PBXBuildFile; fileRef = F36F69591F0D0CD3004E8EDE /* LoginView.swift */; };
		F36F695C1F0D2315004E8EDE /* StudentData.swift in Sources */ = {isa = PBXBuildFile; fileRef = F36F695B1F0D2315004E8EDE /* StudentData.swift */; };
		F38CA9BD1EE7D933003EF069 /* AppDelegate.swift in Sources */ = {isa = PBXBuildFile; fileRef = F38CA9BC1EE7D933003EF069 /* AppDelegate.swift */; };
		F38CA9BF1EE7D933003EF069 /* LoginViewController.swift in Sources */ = {isa = PBXBuildFile; fileRef = F38CA9BE1EE7D933003EF069 /* LoginViewController.swift */; };
		F38CA9C21EE7D933003EF069 /* Main.storyboard in Resources */ = {isa = PBXBuildFile; fileRef = F38CA9C01EE7D933003EF069 /* Main.storyboard */; };
		F38CA9C41EE7D933003EF069 /* Assets.xcassets in Resources */ = {isa = PBXBuildFile; fileRef = F38CA9C31EE7D933003EF069 /* Assets.xcassets */; };
		F38CA9C71EE7D933003EF069 /* LaunchScreen.storyboard in Resources */ = {isa = PBXBuildFile; fileRef = F38CA9C51EE7D933003EF069 /* LaunchScreen.storyboard */; };
		F38CA9D41EE7D9A6003EF069 /* Constants.swift in Sources */ = {isa = PBXBuildFile; fileRef = F38CA9D31EE7D9A6003EF069 /* Constants.swift */; };
		F3C4E5E11EFFC309003FD85F /* TabBarController.swift in Sources */ = {isa = PBXBuildFile; fileRef = F3C4E5E01EFFC309003FD85F /* TabBarController.swift */; };
		F3D16BD41EF2E179004D498B /* ParseClient.swift in Sources */ = {isa = PBXBuildFile; fileRef = F3D16BD31EF2E179004D498B /* ParseClient.swift */; };
		F3D16BD91EF2E268004D498B /* UdacityClient.swift in Sources */ = {isa = PBXBuildFile; fileRef = F3D16BD81EF2E268004D498B /* UdacityClient.swift */; };
/* End PBXBuildFile section */

/* Begin PBXFileReference section */
		77A69B4E224299AEEA54BA95 /* Pods-On The Map.release.xcconfig */ = {isa = PBXFileReference; includeInIndex = 1; lastKnownFileType = text.xcconfig; name = "Pods-On The Map.release.xcconfig"; path = "Pods/Target Support Files/Pods-On The Map/Pods-On The Map.release.xcconfig"; sourceTree = "<group>"; };
		86273D31DDF24D822C1E3E91 /* Pods_On_The_Map.framework */ = {isa = PBXFileReference; explicitFileType = wrapper.framework; includeInIndex = 0; path = Pods_On_The_Map.framework; sourceTree = BUILT_PRODUCTS_DIR; };
		A90EA61BEBFEC306C1602761 /* Pods-On The Map.debug.xcconfig */ = {isa = PBXFileReference; includeInIndex = 1; lastKnownFileType = text.xcconfig; name = "Pods-On The Map.debug.xcconfig"; path = "Pods/Target Support Files/Pods-On The Map/Pods-On The Map.debug.xcconfig"; sourceTree = "<group>"; };
		F3299BE21F00185300AEB785 /* TableViewController.swift */ = {isa = PBXFileReference; fileEncoding = 4; lastKnownFileType = sourcecode.swift; path = TableViewController.swift; sourceTree = "<group>"; };
		F32C533C1EFE7AE300600749 /* GCDBlackBox.swift */ = {isa = PBXFileReference; fileEncoding = 4; lastKnownFileType = sourcecode.swift; path = GCDBlackBox.swift; sourceTree = "<group>"; };
		F32C533E1EFE953400600749 /* ConvenienceHandler.swift */ = {isa = PBXFileReference; fileEncoding = 4; lastKnownFileType = sourcecode.swift; path = ConvenienceHandler.swift; sourceTree = "<group>"; };
		F32D14381F02A41400CADA7C /* FacebookLoginExtension.swift */ = {isa = PBXFileReference; fileEncoding = 4; lastKnownFileType = sourcecode.swift; path = FacebookLoginExtension.swift; sourceTree = "<group>"; };
		F32DA69E1F063A0100B94515 /* MapViewController.swift */ = {isa = PBXFileReference; fileEncoding = 4; lastKnownFileType = sourcecode.swift; path = MapViewController.swift; sourceTree = "<group>"; };
		F36F69571F0D0BFD004E8EDE /* ConvenienceHandlerParse.swift */ = {isa = PBXFileReference; fileEncoding = 4; lastKnownFileType = sourcecode.swift; path = ConvenienceHandlerParse.swift; sourceTree = "<group>"; };
		F36F69591F0D0CD3004E8EDE /* LoginView.swift */ = {isa = PBXFileReference; fileEncoding = 4; lastKnownFileType = sourcecode.swift; path = LoginView.swift; sourceTree = "<group>"; };
		F36F695B1F0D2315004E8EDE /* StudentData.swift */ = {isa = PBXFileReference; fileEncoding = 4; lastKnownFileType = sourcecode.swift; path = StudentData.swift; sourceTree = "<group>"; };
		F38CA9B91EE7D933003EF069 /* On The Map.app */ = {isa = PBXFileReference; explicitFileType = wrapper.application; includeInIndex = 0; path = "On The Map.app"; sourceTree = BUILT_PRODUCTS_DIR; };
		F38CA9BC1EE7D933003EF069 /* AppDelegate.swift */ = {isa = PBXFileReference; lastKnownFileType = sourcecode.swift; path = AppDelegate.swift; sourceTree = "<group>"; };
		F38CA9BE1EE7D933003EF069 /* LoginViewController.swift */ = {isa = PBXFileReference; lastKnownFileType = sourcecode.swift; path = LoginViewController.swift; sourceTree = "<group>"; };
		F38CA9C11EE7D933003EF069 /* Base */ = {isa = PBXFileReference; lastKnownFileType = file.storyboard; name = Base; path = Base.lproj/Main.storyboard; sourceTree = "<group>"; };
		F38CA9C31EE7D933003EF069 /* Assets.xcassets */ = {isa = PBXFileReference; lastKnownFileType = folder.assetcatalog; path = Assets.xcassets; sourceTree = "<group>"; };
		F38CA9C61EE7D933003EF069 /* Base */ = {isa = PBXFileReference; lastKnownFileType = file.storyboard; name = Base; path = Base.lproj/LaunchScreen.storyboard; sourceTree = "<group>"; };
		F38CA9C81EE7D933003EF069 /* Info.plist */ = {isa = PBXFileReference; lastKnownFileType = text.plist.xml; path = Info.plist; sourceTree = "<group>"; };
		F38CA9D31EE7D9A6003EF069 /* Constants.swift */ = {isa = PBXFileReference; fileEncoding = 4; lastKnownFileType = sourcecode.swift; path = Constants.swift; sourceTree = "<group>"; };
		F3995F341F03F93A00D40C03 /* On The Map.entitlements */ = {isa = PBXFileReference; lastKnownFileType = text.plist.entitlements; path = "On The Map.entitlements"; sourceTree = "<group>"; };
		F3C4E5E01EFFC309003FD85F /* TabBarController.swift */ = {isa = PBXFileReference; fileEncoding = 4; lastKnownFileType = sourcecode.swift; path = TabBarController.swift; sourceTree = "<group>"; };
		F3D16BD31EF2E179004D498B /* ParseClient.swift */ = {isa = PBXFileReference; fileEncoding = 4; lastKnownFileType = sourcecode.swift; path = ParseClient.swift; sourceTree = "<group>"; };
		F3D16BD81EF2E268004D498B /* UdacityClient.swift */ = {isa = PBXFileReference; fileEncoding = 4; lastKnownFileType = sourcecode.swift; path = UdacityClient.swift; sourceTree = "<group>"; };
/* End PBXFileReference section */

/* Begin PBXFrameworksBuildPhase section */
		F38CA9B61EE7D933003EF069 /* Frameworks */ = {
			isa = PBXFrameworksBuildPhase;
			buildActionMask = 2147483647;
			files = (
				98F93DE6F19A1C849EF45AC9 /* Pods_On_The_Map.framework in Frameworks */,
			);
			runOnlyForDeploymentPostprocessing = 0;
		};
/* End PBXFrameworksBuildPhase section */

/* Begin PBXGroup section */
		1916213BAE80C21D8223232B /* Pods */ = {
			isa = PBXGroup;
			children = (
				A90EA61BEBFEC306C1602761 /* Pods-On The Map.debug.xcconfig */,
				77A69B4E224299AEEA54BA95 /* Pods-On The Map.release.xcconfig */,
			);
			name = Pods;
			sourceTree = "<group>";
		};
		B60E2AD938411176F0DA095B /* Frameworks */ = {
			isa = PBXGroup;
			children = (
				86273D31DDF24D822C1E3E91 /* Pods_On_The_Map.framework */,
			);
			name = Frameworks;
			sourceTree = "<group>";
		};
		F38CA9B01EE7D933003EF069 = {
			isa = PBXGroup;
			children = (
				F38CA9BB1EE7D933003EF069 /* On The Map */,
				F38CA9BA1EE7D933003EF069 /* Products */,
				1916213BAE80C21D8223232B /* Pods */,
				B60E2AD938411176F0DA095B /* Frameworks */,
			);
			sourceTree = "<group>";
		};
		F38CA9BA1EE7D933003EF069 /* Products */ = {
			isa = PBXGroup;
			children = (
				F38CA9B91EE7D933003EF069 /* On The Map.app */,
			);
			name = Products;
			sourceTree = "<group>";
		};
		F38CA9BB1EE7D933003EF069 /* On The Map */ = {
			isa = PBXGroup;
			children = (
				F3995F341F03F93A00D40C03 /* On The Map.entitlements */,
				F38CA9D21EE7D997003EF069 /* Constants */,
				F38CA9D11EE7D97D003EF069 /* Model */,
				F38CA9CE1EE7D94F003EF069 /* App Files */,
				F38CA9CF1EE7D95B003EF069 /* Controllers */,
				F38CA9D01EE7D969003EF069 /* View */,
			);
			path = "On The Map";
			sourceTree = "<group>";
		};
		F38CA9CE1EE7D94F003EF069 /* App Files */ = {
			isa = PBXGroup;
			children = (
				F38CA9BC1EE7D933003EF069 /* AppDelegate.swift */,
				F38CA9C31EE7D933003EF069 /* Assets.xcassets */,
				F38CA9C01EE7D933003EF069 /* Main.storyboard */,
				F38CA9C51EE7D933003EF069 /* LaunchScreen.storyboard */,
				F38CA9C81EE7D933003EF069 /* Info.plist */,
			);
			name = "App Files";
			sourceTree = "<group>";
		};
		F38CA9CF1EE7D95B003EF069 /* Controllers */ = {
			isa = PBXGroup;
			children = (
				F38CA9BE1EE7D933003EF069 /* LoginViewController.swift */,
				F32D14381F02A41400CADA7C /* FacebookLoginExtension.swift */,
				F3C4E5E01EFFC309003FD85F /* TabBarController.swift */,
				F3299BE21F00185300AEB785 /* TableViewController.swift */,
				F32DA69E1F063A0100B94515 /* MapViewController.swift */,
			);
			name = Controllers;
			sourceTree = "<group>";
		};
		F38CA9D01EE7D969003EF069 /* View */ = {
			isa = PBXGroup;
			children = (
				F36F69591F0D0CD3004E8EDE /* LoginView.swift */,
			);
			name = View;
			sourceTree = "<group>";
		};
		F38CA9D11EE7D97D003EF069 /* Model */ = {
			isa = PBXGroup;
			children = (
				F3D16BD51EF2E1DC004D498B /* Clients */,
			);
			name = Model;
			sourceTree = "<group>";
		};
		F38CA9D21EE7D997003EF069 /* Constants */ = {
			isa = PBXGroup;
			children = (
			);
			name = Constants;
			sourceTree = "<group>";
		};
		F3D16BD51EF2E1DC004D498B /* Clients */ = {
			isa = PBXGroup;
			children = (
				F32C533C1EFE7AE300600749 /* GCDBlackBox.swift */,
				F38CA9D31EE7D9A6003EF069 /* Constants.swift */,
				F36F695B1F0D2315004E8EDE /* StudentData.swift */,
				F3D16BD71EF2E1EC004D498B /* Udacity API */,
				F3D16BD61EF2E1E5004D498B /* Parse API */,
			);
			name = Clients;
			sourceTree = "<group>";
		};
		F3D16BD61EF2E1E5004D498B /* Parse API */ = {
			isa = PBXGroup;
			children = (
				F3D16BD31EF2E179004D498B /* ParseClient.swift */,
				F36F69571F0D0BFD004E8EDE /* ConvenienceHandlerParse.swift */,
			);
			name = "Parse API";
			sourceTree = "<group>";
		};
		F3D16BD71EF2E1EC004D498B /* Udacity API */ = {
			isa = PBXGroup;
			children = (
				F3D16BD81EF2E268004D498B /* UdacityClient.swift */,
				F32C533E1EFE953400600749 /* ConvenienceHandler.swift */,
			);
			name = "Udacity API";
			sourceTree = "<group>";
		};
/* End PBXGroup section */

/* Begin PBXNativeTarget section */
		F38CA9B81EE7D933003EF069 /* On The Map */ = {
			isa = PBXNativeTarget;
			buildConfigurationList = F38CA9CB1EE7D933003EF069 /* Build configuration list for PBXNativeTarget "On The Map" */;
			buildPhases = (
				736B99A25DA5229F02A0C4E8 /* [CP] Check Pods Manifest.lock */,
				F38CA9B51EE7D933003EF069 /* Sources */,
				F38CA9B61EE7D933003EF069 /* Frameworks */,
				F38CA9B71EE7D933003EF069 /* Resources */,
				1E73899DB8D5492CE9A0A904 /* [CP] Embed Pods Frameworks */,
				6BF320BB05F990C4FF8160E8 /* [CP] Copy Pods Resources */,
			);
			buildRules = (
			);
			dependencies = (
			);
			name = "On The Map";
			productName = "On The Map";
			productReference = F38CA9B91EE7D933003EF069 /* On The Map.app */;
			productType = "com.apple.product-type.application";
		};
/* End PBXNativeTarget section */

/* Begin PBXProject section */
		F38CA9B11EE7D933003EF069 /* Project object */ = {
			isa = PBXProject;
			attributes = {
				LastSwiftUpdateCheck = 0830;
				LastUpgradeCheck = 0830;
				ORGANIZATIONNAME = "Udacity Tarik";
				TargetAttributes = {
					F38CA9B81EE7D933003EF069 = {
						CreatedOnToolsVersion = 8.3.2;
						DevelopmentTeam = ZASS9N32P9;
						ProvisioningStyle = Automatic;
						SystemCapabilities = {
							com.apple.Keychain = {
								enabled = 1;
							};
						};
					};
				};
			};
			buildConfigurationList = F38CA9B41EE7D933003EF069 /* Build configuration list for PBXProject "On The Map" */;
			compatibilityVersion = "Xcode 3.2";
			developmentRegion = English;
			hasScannedForEncodings = 0;
			knownRegions = (
				en,
				Base,
			);
			mainGroup = F38CA9B01EE7D933003EF069;
			productRefGroup = F38CA9BA1EE7D933003EF069 /* Products */;
			projectDirPath = "";
			projectRoot = "";
			targets = (
				F38CA9B81EE7D933003EF069 /* On The Map */,
			);
		};
/* End PBXProject section */

/* Begin PBXResourcesBuildPhase section */
		F38CA9B71EE7D933003EF069 /* Resources */ = {
			isa = PBXResourcesBuildPhase;
			buildActionMask = 2147483647;
			files = (
				F38CA9C71EE7D933003EF069 /* LaunchScreen.storyboard in Resources */,
				F38CA9C41EE7D933003EF069 /* Assets.xcassets in Resources */,
				F38CA9C21EE7D933003EF069 /* Main.storyboard in Resources */,
			);
			runOnlyForDeploymentPostprocessing = 0;
		};
/* End PBXResourcesBuildPhase section */

/* Begin PBXShellScriptBuildPhase section */
		1E73899DB8D5492CE9A0A904 /* [CP] Embed Pods Frameworks */ = {
			isa = PBXShellScriptBuildPhase;
			buildActionMask = 2147483647;
			files = (
			);
			inputPaths = (
			);
			name = "[CP] Embed Pods Frameworks";
			outputPaths = (
			);
			runOnlyForDeploymentPostprocessing = 0;
			shellPath = /bin/sh;
			shellScript = "\"${SRCROOT}/Pods/Target Support Files/Pods-On The Map/Pods-On The Map-frameworks.sh\"\n";
			showEnvVarsInLog = 0;
		};
		6BF320BB05F990C4FF8160E8 /* [CP] Copy Pods Resources */ = {
			isa = PBXShellScriptBuildPhase;
			buildActionMask = 2147483647;
			files = (
			);
			inputPaths = (
			);
			name = "[CP] Copy Pods Resources";
			outputPaths = (
			);
			runOnlyForDeploymentPostprocessing = 0;
			shellPath = /bin/sh;
			shellScript = "\"${SRCROOT}/Pods/Target Support Files/Pods-On The Map/Pods-On The Map-resources.sh\"\n";
			showEnvVarsInLog = 0;
		};
		736B99A25DA5229F02A0C4E8 /* [CP] Check Pods Manifest.lock */ = {
			isa = PBXShellScriptBuildPhase;
			buildActionMask = 2147483647;
			files = (
			);
			inputPaths = (
			);
			name = "[CP] Check Pods Manifest.lock";
			outputPaths = (
			);
			runOnlyForDeploymentPostprocessing = 0;
			shellPath = /bin/sh;
			shellScript = "diff \"${PODS_ROOT}/../Podfile.lock\" \"${PODS_ROOT}/Manifest.lock\" > /dev/null\nif [ $? != 0 ] ; then\n    # print error to STDERR\n    echo \"error: The sandbox is not in sync with the Podfile.lock. Run 'pod install' or update your CocoaPods installation.\" >&2\n    exit 1\nfi\n";
			showEnvVarsInLog = 0;
		};
/* End PBXShellScriptBuildPhase section */

/* Begin PBXSourcesBuildPhase section */
		F38CA9B51EE7D933003EF069 /* Sources */ = {
			isa = PBXSourcesBuildPhase;
			buildActionMask = 2147483647;
			files = (
				F32DA69F1F063A0100B94515 /* MapViewController.swift in Sources */,
				F32C533D1EFE7AE300600749 /* GCDBlackBox.swift in Sources */,
				F36F69581F0D0BFD004E8EDE /* ConvenienceHandlerParse.swift in Sources */,
				F32D14391F02A41400CADA7C /* FacebookLoginExtension.swift in Sources */,
				F38CA9BF1EE7D933003EF069 /* LoginViewController.swift in Sources */,
				F3299BE31F00185300AEB785 /* TableViewController.swift in Sources */,
				F38CA9D41EE7D9A6003EF069 /* Constants.swift in Sources */,
				F38CA9BD1EE7D933003EF069 /* AppDelegate.swift in Sources */,
				F3C4E5E11EFFC309003FD85F /* TabBarController.swift in Sources */,
				F36F695C1F0D2315004E8EDE /* StudentData.swift in Sources */,
				F3D16BD91EF2E268004D498B /* UdacityClient.swift in Sources */,
				F36F695A1F0D0CD3004E8EDE /* LoginView.swift in Sources */,
				F3D16BD41EF2E179004D498B /* ParseClient.swift in Sources */,
				F32C533F1EFE953400600749 /* ConvenienceHandler.swift in Sources */,
			);
			runOnlyForDeploymentPostprocessing = 0;
		};
/* End PBXSourcesBuildPhase section */

/* Begin PBXVariantGroup section */
		F38CA9C01EE7D933003EF069 /* Main.storyboard */ = {
			isa = PBXVariantGroup;
			children = (
				F38CA9C11EE7D933003EF069 /* Base */,
			);
			name = Main.storyboard;
			sourceTree = "<group>";
		};
		F38CA9C51EE7D933003EF069 /* LaunchScreen.storyboard */ = {
			isa = PBXVariantGroup;
			children = (
				F38CA9C61EE7D933003EF069 /* Base */,
			);
			name = LaunchScreen.storyboard;
			sourceTree = "<group>";
		};
/* End PBXVariantGroup section */

/* Begin XCBuildConfiguration section */
		F38CA9C91EE7D933003EF069 /* Debug */ = {
			isa = XCBuildConfiguration;
			buildSettings = {
				ALWAYS_SEARCH_USER_PATHS = NO;
				CLANG_ANALYZER_NONNULL = YES;
				CLANG_ANALYZER_NUMBER_OBJECT_CONVERSION = YES_AGGRESSIVE;
				CLANG_CXX_LANGUAGE_STANDARD = "gnu++0x";
				CLANG_CXX_LIBRARY = "libc++";
				CLANG_ENABLE_MODULES = YES;
				CLANG_ENABLE_OBJC_ARC = YES;
				CLANG_WARN_BOOL_CONVERSION = YES;
				CLANG_WARN_CONSTANT_CONVERSION = YES;
				CLANG_WARN_DIRECT_OBJC_ISA_USAGE = YES_ERROR;
				CLANG_WARN_DOCUMENTATION_COMMENTS = YES;
				CLANG_WARN_EMPTY_BODY = YES;
				CLANG_WARN_ENUM_CONVERSION = YES;
				CLANG_WARN_INFINITE_RECURSION = YES;
				CLANG_WARN_INT_CONVERSION = YES;
				CLANG_WARN_OBJC_ROOT_CLASS = YES_ERROR;
				CLANG_WARN_SUSPICIOUS_MOVE = YES;
				CLANG_WARN_UNREACHABLE_CODE = YES;
				CLANG_WARN__DUPLICATE_METHOD_MATCH = YES;
				"CODE_SIGN_IDENTITY[sdk=iphoneos*]" = "iPhone Developer";
				COPY_PHASE_STRIP = NO;
				DEBUG_INFORMATION_FORMAT = dwarf;
				ENABLE_STRICT_OBJC_MSGSEND = YES;
				ENABLE_TESTABILITY = YES;
				GCC_C_LANGUAGE_STANDARD = gnu99;
				GCC_DYNAMIC_NO_PIC = NO;
				GCC_NO_COMMON_BLOCKS = YES;
				GCC_OPTIMIZATION_LEVEL = 0;
				GCC_PREPROCESSOR_DEFINITIONS = (
					"DEBUG=1",
					"$(inherited)",
				);
				GCC_WARN_64_TO_32_BIT_CONVERSION = YES;
				GCC_WARN_ABOUT_RETURN_TYPE = YES_ERROR;
				GCC_WARN_UNDECLARED_SELECTOR = YES;
				GCC_WARN_UNINITIALIZED_AUTOS = YES_AGGRESSIVE;
				GCC_WARN_UNUSED_FUNCTION = YES;
				GCC_WARN_UNUSED_VARIABLE = YES;
				IPHONEOS_DEPLOYMENT_TARGET = 10.3;
				MTL_ENABLE_DEBUG_INFO = YES;
				ONLY_ACTIVE_ARCH = YES;
				SDKROOT = iphoneos;
				SWIFT_ACTIVE_COMPILATION_CONDITIONS = DEBUG;
				SWIFT_OPTIMIZATION_LEVEL = "-Onone";
				TARGETED_DEVICE_FAMILY = "1,2";
			};
			name = Debug;
		};
		F38CA9CA1EE7D933003EF069 /* Release */ = {
			isa = XCBuildConfiguration;
			buildSettings = {
				ALWAYS_SEARCH_USER_PATHS = NO;
				CLANG_ANALYZER_NONNULL = YES;
				CLANG_ANALYZER_NUMBER_OBJECT_CONVERSION = YES_AGGRESSIVE;
				CLANG_CXX_LANGUAGE_STANDARD = "gnu++0x";
				CLANG_CXX_LIBRARY = "libc++";
				CLANG_ENABLE_MODULES = YES;
				CLANG_ENABLE_OBJC_ARC = YES;
				CLANG_WARN_BOOL_CONVERSION = YES;
				CLANG_WARN_CONSTANT_CONVERSION = YES;
				CLANG_WARN_DIRECT_OBJC_ISA_USAGE = YES_ERROR;
				CLANG_WARN_DOCUMENTATION_COMMENTS = YES;
				CLANG_WARN_EMPTY_BODY = YES;
				CLANG_WARN_ENUM_CONVERSION = YES;
				CLANG_WARN_INFINITE_RECURSION = YES;
				CLANG_WARN_INT_CONVERSION = YES;
				CLANG_WARN_OBJC_ROOT_CLASS = YES_ERROR;
				CLANG_WARN_SUSPICIOUS_MOVE = YES;
				CLANG_WARN_UNREACHABLE_CODE = YES;
				CLANG_WARN__DUPLICATE_METHOD_MATCH = YES;
				"CODE_SIGN_IDENTITY[sdk=iphoneos*]" = "iPhone Developer";
				COPY_PHASE_STRIP = NO;
				DEBUG_INFORMATION_FORMAT = "dwarf-with-dsym";
				ENABLE_NS_ASSERTIONS = NO;
				ENABLE_STRICT_OBJC_MSGSEND = YES;
				GCC_C_LANGUAGE_STANDARD = gnu99;
				GCC_NO_COMMON_BLOCKS = YES;
				GCC_WARN_64_TO_32_BIT_CONVERSION = YES;
				GCC_WARN_ABOUT_RETURN_TYPE = YES_ERROR;
				GCC_WARN_UNDECLARED_SELECTOR = YES;
				GCC_WARN_UNINITIALIZED_AUTOS = YES_AGGRESSIVE;
				GCC_WARN_UNUSED_FUNCTION = YES;
				GCC_WARN_UNUSED_VARIABLE = YES;
				IPHONEOS_DEPLOYMENT_TARGET = 10.3;
				MTL_ENABLE_DEBUG_INFO = NO;
				SDKROOT = iphoneos;
				SWIFT_OPTIMIZATION_LEVEL = "-Owholemodule";
				TARGETED_DEVICE_FAMILY = "1,2";
				VALIDATE_PRODUCT = YES;
			};
			name = Release;
		};
		F38CA9CC1EE7D933003EF069 /* Debug */ = {
			isa = XCBuildConfiguration;
			baseConfigurationReference = A90EA61BEBFEC306C1602761 /* Pods-On The Map.debug.xcconfig */;
			buildSettings = {
				ASSETCATALOG_COMPILER_APPICON_NAME = AppIcon;
				CODE_SIGN_ENTITLEMENTS = "On The Map/On The Map.entitlements";
				DEVELOPMENT_TEAM = ZASS9N32P9;
				INFOPLIST_FILE = "On The Map/Info.plist";
				LD_RUNPATH_SEARCH_PATHS = "$(inherited) @executable_path/Frameworks";
				PRODUCT_BUNDLE_IDENTIFIER = "tarikstafford.On-The-Map";
				PRODUCT_NAME = "$(TARGET_NAME)";
				SWIFT_VERSION = 3.0;
			};
			name = Debug;
		};
		F38CA9CD1EE7D933003EF069 /* Release */ = {
			isa = XCBuildConfiguration;
			baseConfigurationReference = 77A69B4E224299AEEA54BA95 /* Pods-On The Map.release.xcconfig */;
			buildSettings = {
				ASSETCATALOG_COMPILER_APPICON_NAME = AppIcon;
				CODE_SIGN_ENTITLEMENTS = "On The Map/On The Map.entitlements";
				DEVELOPMENT_TEAM = ZASS9N32P9;
				INFOPLIST_FILE = "On The Map/Info.plist";
				LD_RUNPATH_SEARCH_PATHS = "$(inherited) @executable_path/Frameworks";
				PRODUCT_BUNDLE_IDENTIFIER = "tarikstafford.On-The-Map";
				PRODUCT_NAME = "$(TARGET_NAME)";
				SWIFT_VERSION = 3.0;
			};
			name = Release;
		};
/* End XCBuildConfiguration section */

/* Begin XCConfigurationList section */
		F38CA9B41EE7D933003EF069 /* Build configuration list for PBXProject "On The Map" */ = {
			isa = XCConfigurationList;
			buildConfigurations = (
				F38CA9C91EE7D933003EF069 /* Debug */,
				F38CA9CA1EE7D933003EF069 /* Release */,
			);
			defaultConfigurationIsVisible = 0;
			defaultConfigurationName = Release;
		};
		F38CA9CB1EE7D933003EF069 /* Build configuration list for PBXNativeTarget "On The Map" */ = {
			isa = XCConfigurationList;
			buildConfigurations = (
				F38CA9CC1EE7D933003EF069 /* Debug */,
				F38CA9CD1EE7D933003EF069 /* Release */,
			);
			defaultConfigurationIsVisible = 0;
			defaultConfigurationName = Release;
		};
/* End XCConfigurationList section */
	};
	rootObject = F38CA9B11EE7D933003EF069 /* Project object */;
}
